
Microsoft Visual Studio Solution File, Format Version 12.00
# Visual Studio Version 16
VisualStudioVersion = 16.0.30621.155
MinimumVisualStudioVersion = 10.0.40219.1
Project("{FAE04EC0-301F-11D3-BF4B-00C04F79EFBC}") = "MvcMovie", "MvcMovie\MvcMovie.csproj", "{FBF276F8-0C8C-4D62-9860-F78CCAF53D0D}"
EndProject
Global
	GlobalSection(SolutionConfigurationPlatforms) = preSolution
		Debug|Any CPU = Debug|Any CPU
		Release|Any CPU = Release|Any CPU
	EndGlobalSection
	GlobalSection(ProjectConfigurationPlatforms) = postSolution
		{FBF276F8-0C8C-4D62-9860-F78CCAF53D0D}.Debug|Any CPU.ActiveCfg = Debug|Any CPU
		{FBF276F8-0C8C-4D62-9860-F78CCAF53D0D}.Debug|Any CPU.Build.0 = Debug|Any CPU
		{FBF276F8-0C8C-4D62-9860-F78CCAF53D0D}.Release|Any CPU.ActiveCfg = Release|Any CPU
		{FBF276F8-0C8C-4D62-9860-F78CCAF53D0D}.Release|Any CPU.Build.0 = Release|Any CPU
	EndGlobalSection
	GlobalSection(SolutionProperties) = preSolution
		HideSolutionNode = FALSE
	EndGlobalSection
	GlobalSection(ExtensibilityGlobals) = postSolution
		SolutionGuid = {7484217C-25DA-4D28-81B1-5C009B1B833F}
	EndGlobalSection
EndGlobal
